{
  "name": "@bsday/dataset",
  "version": "0.1.0",
  "lockfileVersion": 3,
  "requires": true,
  "packages": {
    "": {
      "name": "@bsday/dataset",
      "version": "0.1.0",
      "license": "MIT",
      "devDependencies": {
        "swisseph-v2": "1.0.4"
      }
    },
    "../../node_modules/.pnpm/swisseph-v2@1.0.4/node_modules/swisseph-v2": {
      "version": "1.0.4",
      "dev": true,
      "hasInstallScript": true,
      "dependencies": {
        "merge": "^2.1.1",
        "nan": "^2.19.0",
        "node-gyp": "^10.0.1"
      },
      "devDependencies": {},
      "engines": {
        "node": ">=16"
      }
    },
    "node_modules/swisseph-v2": {
      "resolved": "../../node_modules/.pnpm/swisseph-v2@1.0.4/node_modules/swisseph-v2",
      "link": true
    }
  }
}
